// !$*UTF8*$!
{
	archiveVersion = 1;
	classes = {
	};
	objectVersion = 50;
	objects = {

/* Begin PBXBuildFile section */
		2A0C151885AA24081B9107A3 /* Pods_Techtest.framework in Frameworks */ = {isa = PBXBuildFile; fileRef = B67EB30998D6B27A37486D9D /* Pods_Techtest.framework */; };
		7A0861D220CAE68900790327 /* Comment.swift in Sources */ = {isa = PBXBuildFile; fileRef = 7A0861D120CAE68900790327 /* Comment.swift */; };
		7A0861E420CAF77300790327 /* CommentTVCell.swift in Sources */ = {isa = PBXBuildFile; fileRef = 7A0861E220CAF77300790327 /* CommentTVCell.swift */; };
		7A0861E520CAF77300790327 /* CommentTVCell.xib in Resources */ = {isa = PBXBuildFile; fileRef = 7A0861E320CAF77300790327 /* CommentTVCell.xib */; };
		7A0861E720CAF9C100790327 /* CommetsTVC.swift in Sources */ = {isa = PBXBuildFile; fileRef = 7A0861E620CAF9C100790327 /* CommetsTVC.swift */; };
		7A0861E920CAFCFE00790327 /* Info.plist in Resources */ = {isa = PBXBuildFile; fileRef = 7A0861E820CAFCFE00790327 /* Info.plist */; };
		7A0861EB20CAFEBF00790327 /* Constants.swift in Sources */ = {isa = PBXBuildFile; fileRef = 7A0861EA20CAFEBF00790327 /* Constants.swift */; };
		7A0861EE20CAFFC500790327 /* BaseTVC.swift in Sources */ = {isa = PBXBuildFile; fileRef = 7A0861ED20CAFFC500790327 /* BaseTVC.swift */; };
		7A0861F220CB05AE00790327 /* AlbumsCVC.swift in Sources */ = {isa = PBXBuildFile; fileRef = 7A0861F120CB05AE00790327 /* AlbumsCVC.swift */; };
		7A0861F520CB096C00790327 /* AlbumCVCell.swift in Sources */ = {isa = PBXBuildFile; fileRef = 7A0861F320CB096C00790327 /* AlbumCVCell.swift */; };
		7A0861F620CB096C00790327 /* AlbumCVCell.xib in Resources */ = {isa = PBXBuildFile; fileRef = 7A0861F420CB096C00790327 /* AlbumCVCell.xib */; };
		7A0861F820CB898300790327 /* Album.swift in Sources */ = {isa = PBXBuildFile; fileRef = 7A0861F720CB898300790327 /* Album.swift */; };
		7A4A883B20C97CF400C9D468 /* AppDelegate.swift in Sources */ = {isa = PBXBuildFile; fileRef = 7A4A883A20C97CF400C9D468 /* AppDelegate.swift */; };
		7A4A884020C97CF400C9D468 /* Main.storyboard in Resources */ = {isa = PBXBuildFile; fileRef = 7A4A883E20C97CF400C9D468 /* Main.storyboard */; };
		7A4A884520C97CF600C9D468 /* LaunchScreen.storyboard in Resources */ = {isa = PBXBuildFile; fileRef = 7A4A884320C97CF600C9D468 /* LaunchScreen.storyboard */; };
		7A4A884D20C97E4600C9D468 /* PostsTVC.swift in Sources */ = {isa = PBXBuildFile; fileRef = 7A4A884C20C97E4600C9D468 /* PostsTVC.swift */; };
		7A4A885120C97F7700C9D468 /* NetworkManager.swift in Sources */ = {isa = PBXBuildFile; fileRef = 7A4A885020C97F7700C9D468 /* NetworkManager.swift */; };
		7A4A885420C9808B00C9D468 /* Post.swift in Sources */ = {isa = PBXBuildFile; fileRef = 7A4A885320C9808B00C9D468 /* Post.swift */; };
		7A5B542720CB9527000F736E /* AlbumImagesCVC.swift in Sources */ = {isa = PBXBuildFile; fileRef = 7A5B542620CB9527000F736E /* AlbumImagesCVC.swift */; };
		7A5B542A20CB9568000F736E /* ImageCVCell.swift in Sources */ = {isa = PBXBuildFile; fileRef = 7A5B542820CB9568000F736E /* ImageCVCell.swift */; };
		7A5B542B20CB9568000F736E /* ImageCVCell.xib in Resources */ = {isa = PBXBuildFile; fileRef = 7A5B542920CB9568000F736E /* ImageCVCell.xib */; };
		7A5B542D20CB95E6000F736E /* AlbumImage.swift in Sources */ = {isa = PBXBuildFile; fileRef = 7A5B542C20CB95E6000F736E /* AlbumImage.swift */; };
		7A5B543120CC1C4A000F736E /* FullImageVC.swift in Sources */ = {isa = PBXBuildFile; fileRef = 7A5B543020CC1C4A000F736E /* FullImageVC.swift */; };
		7A5B543320CC2921000F736E /* Weather.swift in Sources */ = {isa = PBXBuildFile; fileRef = 7A5B543220CC2921000F736E /* Weather.swift */; };
		7A5B543720CC2D83000F736E /* Item.swift in Sources */ = {isa = PBXBuildFile; fileRef = 7A5B543620CC2D83000F736E /* Item.swift */; };
		7A5B543A20CC2EE7000F736E /* PostTVCell.swift in Sources */ = {isa = PBXBuildFile; fileRef = 7A5B543820CC2EE7000F736E /* PostTVCell.swift */; };
		7A5B543B20CC2EE7000F736E /* PostTVCell.xib in Resources */ = {isa = PBXBuildFile; fileRef = 7A5B543920CC2EE7000F736E /* PostTVCell.xib */; };
		7A5B543E20CC3025000F736E /* WeatherTVCell.swift in Sources */ = {isa = PBXBuildFile; fileRef = 7A5B543C20CC3025000F736E /* WeatherTVCell.swift */; };
		7A5B543F20CC3025000F736E /* WeatherTVCell.xib in Resources */ = {isa = PBXBuildFile; fileRef = 7A5B543D20CC3025000F736E /* WeatherTVCell.xib */; };
		7A5B544520CC3D16000F736E /* Extensions.swift in Sources */ = {isa = PBXBuildFile; fileRef = 7A5B544420CC3D16000F736E /* Extensions.swift */; };
		7A5B544720CC3E0A000F736E /* Album.storyboard in Resources */ = {isa = PBXBuildFile; fileRef = 7A5B544620CC3E0A000F736E /* Album.storyboard */; };
		7A5B544920CC3E1F000F736E /* Posts.storyboard in Resources */ = {isa = PBXBuildFile; fileRef = 7A5B544820CC3E1F000F736E /* Posts.storyboard */; };
		7A7DC0E620CCFBCB00310ED1 /* Assets.xcassets in Resources */ = {isa = PBXBuildFile; fileRef = 7A7DC0E520CCFBCB00310ED1 /* Assets.xcassets */; };
/* End PBXBuildFile section */

/* Begin PBXFileReference section */
		72498307605C768359518DDD /* Pods-Techtest.debug.xcconfig */ = {isa = PBXFileReference; includeInIndex = 1; lastKnownFileType = text.xcconfig; name = "Pods-Techtest.debug.xcconfig"; path = "Pods/Target Support Files/Pods-Techtest/Pods-Techtest.debug.xcconfig"; sourceTree = "<group>"; };
		7A0861D120CAE68900790327 /* Comment.swift */ = {isa = PBXFileReference; lastKnownFileType = sourcecode.swift; path = Comment.swift; sourceTree = "<group>"; };
		7A0861E220CAF77300790327 /* CommentTVCell.swift */ = {isa = PBXFileReference; lastKnownFileType = sourcecode.swift; path = CommentTVCell.swift; sourceTree = "<group>"; };
		7A0861E320CAF77300790327 /* CommentTVCell.xib */ = {isa = PBXFileReference; lastKnownFileType = file.xib; path = CommentTVCell.xib; sourceTree = "<group>"; };
		7A0861E620CAF9C100790327 /* CommetsTVC.swift */ = {isa = PBXFileReference; lastKnownFileType = sourcecode.swift; path = CommetsTVC.swift; sourceTree = "<group>"; };
		7A0861E820CAFCFE00790327 /* Info.plist */ = {isa = PBXFileReference; fileEncoding = 4; lastKnownFileType = text.plist.xml; path = Info.plist; sourceTree = "<group>"; };
		7A0861EA20CAFEBF00790327 /* Constants.swift */ = {isa = PBXFileReference; lastKnownFileType = sourcecode.swift; path = Constants.swift; sourceTree = "<group>"; };
		7A0861ED20CAFFC500790327 /* BaseTVC.swift */ = {isa = PBXFileReference; lastKnownFileType = sourcecode.swift; path = BaseTVC.swift; sourceTree = "<group>"; };
		7A0861F120CB05AE00790327 /* AlbumsCVC.swift */ = {isa = PBXFileReference; lastKnownFileType = sourcecode.swift; path = AlbumsCVC.swift; sourceTree = "<group>"; };
		7A0861F320CB096C00790327 /* AlbumCVCell.swift */ = {isa = PBXFileReference; lastKnownFileType = sourcecode.swift; path = AlbumCVCell.swift; sourceTree = "<group>"; };
		7A0861F420CB096C00790327 /* AlbumCVCell.xib */ = {isa = PBXFileReference; lastKnownFileType = file.xib; path = AlbumCVCell.xib; sourceTree = "<group>"; };
		7A0861F720CB898300790327 /* Album.swift */ = {isa = PBXFileReference; lastKnownFileType = sourcecode.swift; path = Album.swift; sourceTree = "<group>"; };
		7A4A883720C97CF400C9D468 /* Techtest.app */ = {isa = PBXFileReference; explicitFileType = wrapper.application; includeInIndex = 0; path = Techtest.app; sourceTree = BUILT_PRODUCTS_DIR; };
		7A4A883A20C97CF400C9D468 /* AppDelegate.swift */ = {isa = PBXFileReference; lastKnownFileType = sourcecode.swift; path = AppDelegate.swift; sourceTree = "<group>"; };
		7A4A883F20C97CF400C9D468 /* Base */ = {isa = PBXFileReference; lastKnownFileType = file.storyboard; name = Base; path = Base.lproj/Main.storyboard; sourceTree = "<group>"; };
		7A4A884420C97CF600C9D468 /* Base */ = {isa = PBXFileReference; lastKnownFileType = file.storyboard; name = Base; path = Base.lproj/LaunchScreen.storyboard; sourceTree = "<group>"; };
		7A4A884C20C97E4600C9D468 /* PostsTVC.swift */ = {isa = PBXFileReference; lastKnownFileType = sourcecode.swift; path = PostsTVC.swift; sourceTree = "<group>"; };
		7A4A885020C97F7700C9D468 /* NetworkManager.swift */ = {isa = PBXFileReference; lastKnownFileType = sourcecode.swift; path = NetworkManager.swift; sourceTree = "<group>"; };
		7A4A885320C9808B00C9D468 /* Post.swift */ = {isa = PBXFileReference; lastKnownFileType = sourcecode.swift; path = Post.swift; sourceTree = "<group>"; };
		7A5B542620CB9527000F736E /* AlbumImagesCVC.swift */ = {isa = PBXFileReference; lastKnownFileType = sourcecode.swift; path = AlbumImagesCVC.swift; sourceTree = "<group>"; };
		7A5B542820CB9568000F736E /* ImageCVCell.swift */ = {isa = PBXFileReference; lastKnownFileType = sourcecode.swift; path = ImageCVCell.swift; sourceTree = "<group>"; };
		7A5B542920CB9568000F736E /* ImageCVCell.xib */ = {isa = PBXFileReference; lastKnownFileType = file.xib; path = ImageCVCell.xib; sourceTree = "<group>"; };
		7A5B542C20CB95E6000F736E /* AlbumImage.swift */ = {isa = PBXFileReference; lastKnownFileType = sourcecode.swift; path = AlbumImage.swift; sourceTree = "<group>"; };
		7A5B543020CC1C4A000F736E /* FullImageVC.swift */ = {isa = PBXFileReference; lastKnownFileType = sourcecode.swift; path = FullImageVC.swift; sourceTree = "<group>"; };
		7A5B543220CC2921000F736E /* Weather.swift */ = {isa = PBXFileReference; lastKnownFileType = sourcecode.swift; path = Weather.swift; sourceTree = "<group>"; };
		7A5B543620CC2D83000F736E /* Item.swift */ = {isa = PBXFileReference; lastKnownFileType = sourcecode.swift; path = Item.swift; sourceTree = "<group>"; };
		7A5B543820CC2EE7000F736E /* PostTVCell.swift */ = {isa = PBXFileReference; lastKnownFileType = sourcecode.swift; path = PostTVCell.swift; sourceTree = "<group>"; };
		7A5B543920CC2EE7000F736E /* PostTVCell.xib */ = {isa = PBXFileReference; lastKnownFileType = file.xib; path = PostTVCell.xib; sourceTree = "<group>"; };
		7A5B543C20CC3025000F736E /* WeatherTVCell.swift */ = {isa = PBXFileReference; lastKnownFileType = sourcecode.swift; path = WeatherTVCell.swift; sourceTree = "<group>"; };
		7A5B543D20CC3025000F736E /* WeatherTVCell.xib */ = {isa = PBXFileReference; lastKnownFileType = file.xib; path = WeatherTVCell.xib; sourceTree = "<group>"; };
		7A5B544420CC3D16000F736E /* Extensions.swift */ = {isa = PBXFileReference; lastKnownFileType = sourcecode.swift; path = Extensions.swift; sourceTree = "<group>"; };
		7A5B544620CC3E0A000F736E /* Album.storyboard */ = {isa = PBXFileReference; lastKnownFileType = file.storyboard; path = Album.storyboard; sourceTree = "<group>"; };
		7A5B544820CC3E1F000F736E /* Posts.storyboard */ = {isa = PBXFileReference; lastKnownFileType = file.storyboard; path = Posts.storyboard; sourceTree = "<group>"; };
		7A7DC0E520CCFBCB00310ED1 /* Assets.xcassets */ = {isa = PBXFileReference; lastKnownFileType = folder.assetcatalog; path = Assets.xcassets; sourceTree = "<group>"; };
		A56177508B567EA6C2B5ECA3 /* Pods-Techtest.release.xcconfig */ = {isa = PBXFileReference; includeInIndex = 1; lastKnownFileType = text.xcconfig; name = "Pods-Techtest.release.xcconfig"; path = "Pods/Target Support Files/Pods-Techtest/Pods-Techtest.release.xcconfig"; sourceTree = "<group>"; };
		B67EB30998D6B27A37486D9D /* Pods_Techtest.framework */ = {isa = PBXFileReference; explicitFileType = wrapper.framework; includeInIndex = 0; path = Pods_Techtest.framework; sourceTree = BUILT_PRODUCTS_DIR; };
/* End PBXFileReference section */

/* Begin PBXFrameworksBuildPhase section */
		7A4A883420C97CF400C9D468 /* Frameworks */ = {
			isa = PBXFrameworksBuildPhase;
			buildActionMask = 2147483647;
			files = (
				2A0C151885AA24081B9107A3 /* Pods_Techtest.framework in Frameworks */,
			);
			runOnlyForDeploymentPostprocessing = 0;
		};
/* End PBXFrameworksBuildPhase section */

/* Begin PBXGroup section */
		6DEF12D5C06DC735EA0AB629 /* Pods */ = {
			isa = PBXGroup;
			children = (
				72498307605C768359518DDD /* Pods-Techtest.debug.xcconfig */,
				A56177508B567EA6C2B5ECA3 /* Pods-Techtest.release.xcconfig */,
			);
			name = Pods;
			sourceTree = "<group>";
		};
		7A0861D320CAE75300790327 /* View */ = {
			isa = PBXGroup;
			children = (
				7A0861E120CAF74100790327 /* Cells */,
				7A4A883E20C97CF400C9D468 /* Main.storyboard */,
				7A5B544620CC3E0A000F736E /* Album.storyboard */,
				7A5B544820CC3E1F000F736E /* Posts.storyboard */,
			);
			path = View;
			sourceTree = "<group>";
		};
		7A0861D420CAE77400790327 /* Supporting Files */ = {
			isa = PBXGroup;
			children = (
				7A4A883A20C97CF400C9D468 /* AppDelegate.swift */,
				7A0861EA20CAFEBF00790327 /* Constants.swift */,
				7A7DC0E520CCFBCB00310ED1 /* Assets.xcassets */,
				7A5B544420CC3D16000F736E /* Extensions.swift */,
				7A4A884320C97CF600C9D468 /* LaunchScreen.storyboard */,
			);
			path = "Supporting Files";
			sourceTree = "<group>";
		};
		7A0861E120CAF74100790327 /* Cells */ = {
			isa = PBXGroup;
			children = (
				7A0861F020CB055000790327 /* Album */,
				7A0861EF20CB054100790327 /* Posts */,
			);
			path = Cells;
			sourceTree = "<group>";
		};
		7A0861EC20CAFFB100790327 /* Base */ = {
			isa = PBXGroup;
			children = (
				7A0861ED20CAFFC500790327 /* BaseTVC.swift */,
			);
			path = Base;
			sourceTree = "<group>";
		};
		7A0861EF20CB054100790327 /* Posts */ = {
			isa = PBXGroup;
			children = (
				7A5B544020CC324B000F736E /* Comment */,
				7A5B544220CC3260000F736E /* Post */,
				7A5B544320CC326B000F736E /* Weather */,
			);
			path = Posts;
			sourceTree = "<group>";
		};
		7A0861F020CB055000790327 /* Album */ = {
			isa = PBXGroup;
			children = (
				7A0861F320CB096C00790327 /* AlbumCVCell.swift */,
				7A0861F420CB096C00790327 /* AlbumCVCell.xib */,
				7A5B542820CB9568000F736E /* ImageCVCell.swift */,
				7A5B542920CB9568000F736E /* ImageCVCell.xib */,
			);
			path = Album;
			sourceTree = "<group>";
		};
		7A4A882E20C97CF400C9D468 = {
			isa = PBXGroup;
			children = (
				7A4A883920C97CF400C9D468 /* Techtest */,
				7A4A883820C97CF400C9D468 /* Products */,
				6DEF12D5C06DC735EA0AB629 /* Pods */,
				C02CB634B40FB184B5116AC6 /* Frameworks */,
			);
			sourceTree = "<group>";
		};
		7A4A883820C97CF400C9D468 /* Products */ = {
			isa = PBXGroup;
			children = (
				7A4A883720C97CF400C9D468 /* Techtest.app */,
			);
			name = Products;
			sourceTree = "<group>";
		};
		7A4A883920C97CF400C9D468 /* Techtest */ = {
			isa = PBXGroup;
			children = (
				7A0861E820CAFCFE00790327 /* Info.plist */,
				7A0861D320CAE75300790327 /* View */,
				7A4A884F20C97EB800C9D468 /* Service */,
				7A4A885220C9807A00C9D468 /* Model */,
				7A4A884E20C97EA100C9D468 /* Controllers */,
				7A0861D420CAE77400790327 /* Supporting Files */,
			);
			path = Techtest;
			sourceTree = "<group>";
		};
		7A4A884E20C97EA100C9D468 /* Controllers */ = {
			isa = PBXGroup;
			children = (
				7A0861EC20CAFFB100790327 /* Base */,
				7A5B542E20CB96B0000F736E /* Posts */,
				7A5B542F20CB96B8000F736E /* Albums */,
			);
			path = Controllers;
			sourceTree = "<group>";
		};
		7A4A884F20C97EB800C9D468 /* Service */ = {
			isa = PBXGroup;
			children = (
				7A4A885020C97F7700C9D468 /* NetworkManager.swift */,
			);
			path = Service;
			sourceTree = "<group>";
		};
		7A4A885220C9807A00C9D468 /* Model */ = {
			isa = PBXGroup;
			children = (
				7A5B543620CC2D83000F736E /* Item.swift */,
				7A4A885320C9808B00C9D468 /* Post.swift */,
				7A5B543220CC2921000F736E /* Weather.swift */,
				7A0861D120CAE68900790327 /* Comment.swift */,
				7A0861F720CB898300790327 /* Album.swift */,
				7A5B542C20CB95E6000F736E /* AlbumImage.swift */,
			);
			path = Model;
			sourceTree = "<group>";
		};
		7A5B542E20CB96B0000F736E /* Posts */ = {
			isa = PBXGroup;
			children = (
				7A4A884C20C97E4600C9D468 /* PostsTVC.swift */,
				7A0861E620CAF9C100790327 /* CommetsTVC.swift */,
			);
			path = Posts;
			sourceTree = "<group>";
		};
		7A5B542F20CB96B8000F736E /* Albums */ = {
			isa = PBXGroup;
			children = (
				7A0861F120CB05AE00790327 /* AlbumsCVC.swift */,
				7A5B542620CB9527000F736E /* AlbumImagesCVC.swift */,
				7A5B543020CC1C4A000F736E /* FullImageVC.swift */,
			);
			path = Albums;
			sourceTree = "<group>";
		};
		7A5B544020CC324B000F736E /* Comment */ = {
			isa = PBXGroup;
			children = (
				7A0861E220CAF77300790327 /* CommentTVCell.swift */,
				7A0861E320CAF77300790327 /* CommentTVCell.xib */,
			);
			path = Comment;
			sourceTree = "<group>";
		};
		7A5B544220CC3260000F736E /* Post */ = {
			isa = PBXGroup;
			children = (
				7A5B543820CC2EE7000F736E /* PostTVCell.swift */,
				7A5B543920CC2EE7000F736E /* PostTVCell.xib */,
			);
			path = Post;
			sourceTree = "<group>";
		};
		7A5B544320CC326B000F736E /* Weather */ = {
			isa = PBXGroup;
			children = (
				7A5B543C20CC3025000F736E /* WeatherTVCell.swift */,
				7A5B543D20CC3025000F736E /* WeatherTVCell.xib */,
			);
			path = Weather;
			sourceTree = "<group>";
		};
		C02CB634B40FB184B5116AC6 /* Frameworks */ = {
			isa = PBXGroup;
			children = (
				B67EB30998D6B27A37486D9D /* Pods_Techtest.framework */,
			);
			name = Frameworks;
			sourceTree = "<group>";
		};
/* End PBXGroup section */

/* Begin PBXNativeTarget section */
		7A4A883620C97CF400C9D468 /* Techtest */ = {
			isa = PBXNativeTarget;
			buildConfigurationList = 7A4A884920C97CF600C9D468 /* Build configuration list for PBXNativeTarget "Techtest" */;
			buildPhases = (
				840A50F6D023DF4E11C3B2AC /* [CP] Check Pods Manifest.lock */,
				7A4A883320C97CF400C9D468 /* Sources */,
				7A4A883420C97CF400C9D468 /* Frameworks */,
				7A4A883520C97CF400C9D468 /* Resources */,
				DB8009EC7419F77203301DCF /* [CP] Embed Pods Frameworks */,
				3FF851CE7076B50476522833 /* [CP] Copy Pods Resources */,
			);
			buildRules = (
			);
			dependencies = (
			);
			name = Techtest;
			productName = Techtest;
			productReference = 7A4A883720C97CF400C9D468 /* Techtest.app */;
			productType = "com.apple.product-type.application";
		};
/* End PBXNativeTarget section */

/* Begin PBXProject section */
		7A4A882F20C97CF400C9D468 /* Project object */ = {
			isa = PBXProject;
			attributes = {
				LastSwiftUpdateCheck = 0930;
				LastUpgradeCheck = 0930;
				ORGANIZATIONNAME = "Ellan Esenaliev";
				TargetAttributes = {
					7A4A883620C97CF400C9D468 = {
						CreatedOnToolsVersion = 9.3.1;
					};
				};
			};
			buildConfigurationList = 7A4A883220C97CF400C9D468 /* Build configuration list for PBXProject "Techtest" */;
			compatibilityVersion = "Xcode 9.3";
			developmentRegion = en;
			hasScannedForEncodings = 0;
			knownRegions = (
				en,
				Base,
			);
			mainGroup = 7A4A882E20C97CF400C9D468;
			productRefGroup = 7A4A883820C97CF400C9D468 /* Products */;
			projectDirPath = "";
			projectRoot = "";
			targets = (
				7A4A883620C97CF400C9D468 /* Techtest */,
			);
		};
/* End PBXProject section */

/* Begin PBXResourcesBuildPhase section */
		7A4A883520C97CF400C9D468 /* Resources */ = {
			isa = PBXResourcesBuildPhase;
			buildActionMask = 2147483647;
			files = (
				7A5B543F20CC3025000F736E /* WeatherTVCell.xib in Resources */,
				7A5B544920CC3E1F000F736E /* Posts.storyboard in Resources */,
				7A7DC0E620CCFBCB00310ED1 /* Assets.xcassets in Resources */,
				7A0861F620CB096C00790327 /* AlbumCVCell.xib in Resources */,
				7A0861E920CAFCFE00790327 /* Info.plist in Resources */,
				7A5B542B20CB9568000F736E /* ImageCVCell.xib in Resources */,
				7A5B544720CC3E0A000F736E /* Album.storyboard in Resources */,
				7A0861E520CAF77300790327 /* CommentTVCell.xib in Resources */,
				7A4A884520C97CF600C9D468 /* LaunchScreen.storyboard in Resources */,
				7A4A884020C97CF400C9D468 /* Main.storyboard in Resources */,
				7A5B543B20CC2EE7000F736E /* PostTVCell.xib in Resources */,
			);
			runOnlyForDeploymentPostprocessing = 0;
		};
/* End PBXResourcesBuildPhase section */

/* Begin PBXShellScriptBuildPhase section */
		3FF851CE7076B50476522833 /* [CP] Copy Pods Resources */ = {
			isa = PBXShellScriptBuildPhase;
			buildActionMask = 2147483647;
			files = (
			);
			inputPaths = (
			);
			name = "[CP] Copy Pods Resources";
			outputPaths = (
			);
			runOnlyForDeploymentPostprocessing = 0;
			shellPath = /bin/sh;
			shellScript = "\"${SRCROOT}/Pods/Target Support Files/Pods-Techtest/Pods-Techtest-resources.sh\"\n";
			showEnvVarsInLog = 0;
		};
		840A50F6D023DF4E11C3B2AC /* [CP] Check Pods Manifest.lock */ = {
			isa = PBXShellScriptBuildPhase;
			buildActionMask = 2147483647;
			files = (
			);
			inputPaths = (
				"${PODS_PODFILE_DIR_PATH}/Podfile.lock",
				"${PODS_ROOT}/Manifest.lock",
			);
			name = "[CP] Check Pods Manifest.lock";
			outputPaths = (
				"$(DERIVED_FILE_DIR)/Pods-Techtest-checkManifestLockResult.txt",
			);
			runOnlyForDeploymentPostprocessing = 0;
			shellPath = /bin/sh;
			shellScript = "diff \"${PODS_PODFILE_DIR_PATH}/Podfile.lock\" \"${PODS_ROOT}/Manifest.lock\" > /dev/null\nif [ $? != 0 ] ; then\n    # print error to STDERR\n    echo \"error: The sandbox is not in sync with the Podfile.lock. Run 'pod install' or update your CocoaPods installation.\" >&2\n    exit 1\nfi\n# This output is used by Xcode 'outputs' to avoid re-running this script phase.\necho \"SUCCESS\" > \"${SCRIPT_OUTPUT_FILE_0}\"\n";
			showEnvVarsInLog = 0;
		};
		DB8009EC7419F77203301DCF /* [CP] Embed Pods Frameworks */ = {
			isa = PBXShellScriptBuildPhase;
			buildActionMask = 2147483647;
			files = (
			);
			inputPaths = (
				"${SRCROOT}/Pods/Target Support Files/Pods-Techtest/Pods-Techtest-frameworks.sh",
				"${BUILT_PRODUCTS_DIR}/Alamofire/Alamofire.framework",
				"${BUILT_PRODUCTS_DIR}/ObjectMapper/ObjectMapper.framework",
				"${BUILT_PRODUCTS_DIR}/SDWebImage/SDWebImage.framework",
			);
			name = "[CP] Embed Pods Frameworks";
			outputPaths = (
				"${TARGET_BUILD_DIR}/${FRAMEWORKS_FOLDER_PATH}/Alamofire.framework",
				"${TARGET_BUILD_DIR}/${FRAMEWORKS_FOLDER_PATH}/ObjectMapper.framework",
				"${TARGET_BUILD_DIR}/${FRAMEWORKS_FOLDER_PATH}/SDWebImage.framework",
			);
			runOnlyForDeploymentPostprocessing = 0;
			shellPath = /bin/sh;
			shellScript = "\"${SRCROOT}/Pods/Target Support Files/Pods-Techtest/Pods-Techtest-frameworks.sh\"\n";
			showEnvVarsInLog = 0;
		};
/* End PBXShellScriptBuildPhase section */

/* Begin PBXSourcesBuildPhase section */
		7A4A883320C97CF400C9D468 /* Sources */ = {
			isa = PBXSourcesBuildPhase;
			buildActionMask = 2147483647;
			files = (
				7A0861E720CAF9C100790327 /* CommetsTVC.swift in Sources */,
				7A5B543320CC2921000F736E /* Weather.swift in Sources */,
				7A5B543A20CC2EE7000F736E /* PostTVCell.swift in Sources */,
				7A4A885420C9808B00C9D468 /* Post.swift in Sources */,
				7A0861EE20CAFFC500790327 /* BaseTVC.swift in Sources */,
				7A5B543720CC2D83000F736E /* Item.swift in Sources */,
				7A0861D220CAE68900790327 /* Comment.swift in Sources */,
				7A5B542A20CB9568000F736E /* ImageCVCell.swift in Sources */,
				7A5B543E20CC3025000F736E /* WeatherTVCell.swift in Sources */,
				7A4A885120C97F7700C9D468 /* NetworkManager.swift in Sources */,
				7A0861E420CAF77300790327 /* CommentTVCell.swift in Sources */,
				7A5B542720CB9527000F736E /* AlbumImagesCVC.swift in Sources */,
				7A4A884D20C97E4600C9D468 /* PostsTVC.swift in Sources */,
				7A5B544520CC3D16000F736E /* Extensions.swift in Sources */,
				7A0861F520CB096C00790327 /* AlbumCVCell.swift in Sources */,
				7A5B542D20CB95E6000F736E /* AlbumImage.swift in Sources */,
				7A5B543120CC1C4A000F736E /* FullImageVC.swift in Sources */,
				7A4A883B20C97CF400C9D468 /* AppDelegate.swift in Sources */,
				7A0861F220CB05AE00790327 /* AlbumsCVC.swift in Sources */,
				7A0861EB20CAFEBF00790327 /* Constants.swift in Sources */,
				7A0861F820CB898300790327 /* Album.swift in Sources */,
			);
			runOnlyForDeploymentPostprocessing = 0;
		};
/* End PBXSourcesBuildPhase section */

/* Begin PBXVariantGroup section */
		7A4A883E20C97CF400C9D468 /* Main.storyboard */ = {
			isa = PBXVariantGroup;
			children = (
				7A4A883F20C97CF400C9D468 /* Base */,
			);
			name = Main.storyboard;
			sourceTree = "<group>";
		};
		7A4A884320C97CF600C9D468 /* LaunchScreen.storyboard */ = {
			isa = PBXVariantGroup;
			children = (
				7A4A884420C97CF600C9D468 /* Base */,
			);
			name = LaunchScreen.storyboard;
			sourceTree = "<group>";
		};
/* End PBXVariantGroup section */

/* Begin XCBuildConfiguration section */
		7A4A884720C97CF600C9D468 /* Debug */ = {
			isa = XCBuildConfiguration;
			buildSettings = {
				ALWAYS_SEARCH_USER_PATHS = NO;
				CLANG_ANALYZER_NONNULL = YES;
				CLANG_ANALYZER_NUMBER_OBJECT_CONVERSION = YES_AGGRESSIVE;
				CLANG_CXX_LANGUAGE_STANDARD = "gnu++14";
				CLANG_CXX_LIBRARY = "libc++";
				CLANG_ENABLE_MODULES = YES;
				CLANG_ENABLE_OBJC_ARC = YES;
				CLANG_ENABLE_OBJC_WEAK = YES;
				CLANG_WARN_BLOCK_CAPTURE_AUTORELEASING = YES;
				CLANG_WARN_BOOL_CONVERSION = YES;
				CLANG_WARN_COMMA = YES;
				CLANG_WARN_CONSTANT_CONVERSION = YES;
				CLANG_WARN_DEPRECATED_OBJC_IMPLEMENTATIONS = YES;
				CLANG_WARN_DIRECT_OBJC_ISA_USAGE = YES_ERROR;
				CLANG_WARN_DOCUMENTATION_COMMENTS = YES;
				CLANG_WARN_EMPTY_BODY = YES;
				CLANG_WARN_ENUM_CONVERSION = YES;
				CLANG_WARN_INFINITE_RECURSION = YES;
				CLANG_WARN_INT_CONVERSION = YES;
				CLANG_WARN_NON_LITERAL_NULL_CONVERSION = YES;
				CLANG_WARN_OBJC_IMPLICIT_RETAIN_SELF = YES;
				CLANG_WARN_OBJC_LITERAL_CONVERSION = YES;
				CLANG_WARN_OBJC_ROOT_CLASS = YES_ERROR;
				CLANG_WARN_RANGE_LOOP_ANALYSIS = YES;
				CLANG_WARN_STRICT_PROTOTYPES = YES;
				CLANG_WARN_SUSPICIOUS_MOVE = YES;
				CLANG_WARN_UNGUARDED_AVAILABILITY = YES_AGGRESSIVE;
				CLANG_WARN_UNREACHABLE_CODE = YES;
				CLANG_WARN__DUPLICATE_METHOD_MATCH = YES;
				CODE_SIGN_IDENTITY = "iPhone Developer";
				COPY_PHASE_STRIP = NO;
				DEBUG_INFORMATION_FORMAT = dwarf;
				ENABLE_STRICT_OBJC_MSGSEND = YES;
				ENABLE_TESTABILITY = YES;
				GCC_C_LANGUAGE_STANDARD = gnu11;
				GCC_DYNAMIC_NO_PIC = NO;
				GCC_NO_COMMON_BLOCKS = YES;
				GCC_OPTIMIZATION_LEVEL = 0;
				GCC_PREPROCESSOR_DEFINITIONS = (
					"DEBUG=1",
					"$(inherited)",
				);
				GCC_WARN_64_TO_32_BIT_CONVERSION = YES;
				GCC_WARN_ABOUT_RETURN_TYPE = YES_ERROR;
				GCC_WARN_UNDECLARED_SELECTOR = YES;
				GCC_WARN_UNINITIALIZED_AUTOS = YES_AGGRESSIVE;
				GCC_WARN_UNUSED_FUNCTION = YES;
				GCC_WARN_UNUSED_VARIABLE = YES;
				IPHONEOS_DEPLOYMENT_TARGET = 11.3;
				MTL_ENABLE_DEBUG_INFO = YES;
				ONLY_ACTIVE_ARCH = YES;
				SDKROOT = iphoneos;
				SWIFT_ACTIVE_COMPILATION_CONDITIONS = DEBUG;
				SWIFT_OPTIMIZATION_LEVEL = "-Onone";
			};
			name = Debug;
		};
		7A4A884820C97CF600C9D468 /* Release */ = {
			isa = XCBuildConfiguration;
			buildSettings = {
				ALWAYS_SEARCH_USER_PATHS = NO;
				CLANG_ANALYZER_NONNULL = YES;
				CLANG_ANALYZER_NUMBER_OBJECT_CONVERSION = YES_AGGRESSIVE;
				CLANG_CXX_LANGUAGE_STANDARD = "gnu++14";
				CLANG_CXX_LIBRARY = "libc++";
				CLANG_ENABLE_MODULES = YES;
				CLANG_ENABLE_OBJC_ARC = YES;
				CLANG_ENABLE_OBJC_WEAK = YES;
				CLANG_WARN_BLOCK_CAPTURE_AUTORELEASING = YES;
				CLANG_WARN_BOOL_CONVERSION = YES;
				CLANG_WARN_COMMA = YES;
				CLANG_WARN_CONSTANT_CONVERSION = YES;
				CLANG_WARN_DEPRECATED_OBJC_IMPLEMENTATIONS = YES;
				CLANG_WARN_DIRECT_OBJC_ISA_USAGE = YES_ERROR;
				CLANG_WARN_DOCUMENTATION_COMMENTS = YES;
				CLANG_WARN_EMPTY_BODY = YES;
				CLANG_WARN_ENUM_CONVERSION = YES;
				CLANG_WARN_INFINITE_RECURSION = YES;
				CLANG_WARN_INT_CONVERSION = YES;
				CLANG_WARN_NON_LITERAL_NULL_CONVERSION = YES;
				CLANG_WARN_OBJC_IMPLICIT_RETAIN_SELF = YES;
				CLANG_WARN_OBJC_LITERAL_CONVERSION = YES;
				CLANG_WARN_OBJC_ROOT_CLASS = YES_ERROR;
				CLANG_WARN_RANGE_LOOP_ANALYSIS = YES;
				CLANG_WARN_STRICT_PROTOTYPES = YES;
				CLANG_WARN_SUSPICIOUS_MOVE = YES;
				CLANG_WARN_UNGUARDED_AVAILABILITY = YES_AGGRESSIVE;
				CLANG_WARN_UNREACHABLE_CODE = YES;
				CLANG_WARN__DUPLICATE_METHOD_MATCH = YES;
				CODE_SIGN_IDENTITY = "iPhone Developer";
				COPY_PHASE_STRIP = NO;
				DEBUG_INFORMATION_FORMAT = "dwarf-with-dsym";
				ENABLE_NS_ASSERTIONS = NO;
				ENABLE_STRICT_OBJC_MSGSEND = YES;
				GCC_C_LANGUAGE_STANDARD = gnu11;
				GCC_NO_COMMON_BLOCKS = YES;
				GCC_WARN_64_TO_32_BIT_CONVERSION = YES;
				GCC_WARN_ABOUT_RETURN_TYPE = YES_ERROR;
				GCC_WARN_UNDECLARED_SELECTOR = YES;
				GCC_WARN_UNINITIALIZED_AUTOS = YES_AGGRESSIVE;
				GCC_WARN_UNUSED_FUNCTION = YES;
				GCC_WARN_UNUSED_VARIABLE = YES;
				IPHONEOS_DEPLOYMENT_TARGET = 11.3;
				MTL_ENABLE_DEBUG_INFO = NO;
				SDKROOT = iphoneos;
				SWIFT_COMPILATION_MODE = wholemodule;
				SWIFT_OPTIMIZATION_LEVEL = "-O";
				VALIDATE_PRODUCT = YES;
			};
			name = Release;
		};
		7A4A884A20C97CF600C9D468 /* Debug */ = {
			isa = XCBuildConfiguration;
			baseConfigurationReference = 72498307605C768359518DDD /* Pods-Techtest.debug.xcconfig */;
			buildSettings = {
				ASSETCATALOG_COMPILER_APPICON_NAME = AppIcon;
				CODE_SIGN_STYLE = Automatic;
				DEVELOPMENT_TEAM = P69BU7AB3U;
				INFOPLIST_FILE = Techtest/Info.plist;
				LD_RUNPATH_SEARCH_PATHS = (
					"$(inherited)",
					"@executable_path/Frameworks",
				);
				PRODUCT_BUNDLE_IDENTIFIER = com.gn.Techtest;
				PRODUCT_NAME = "$(TARGET_NAME)";
				SWIFT_VERSION = 4.0;
				TARGETED_DEVICE_FAMILY = "1,2";
			};
			name = Debug;
		};
		7A4A884B20C97CF600C9D468 /* Release */ = {
			isa = XCBuildConfiguration;
			baseConfigurationReference = A56177508B567EA6C2B5ECA3 /* Pods-Techtest.release.xcconfig */;
			buildSettings = {
				ASSETCATALOG_COMPILER_APPICON_NAME = AppIcon;
				CODE_SIGN_STYLE = Automatic;
				DEVELOPMENT_TEAM = P69BU7AB3U;
				INFOPLIST_FILE = Techtest/Info.plist;
				LD_RUNPATH_SEARCH_PATHS = (
					"$(inherited)",
					"@executable_path/Frameworks",
				);
				PRODUCT_BUNDLE_IDENTIFIER = com.gn.Techtest;
				PRODUCT_NAME = "$(TARGET_NAME)";
				SWIFT_VERSION = 4.0;
				TARGETED_DEVICE_FAMILY = "1,2";
			};
			name = Release;
		};
/* End XCBuildConfiguration section */

/* Begin XCConfigurationList section */
		7A4A883220C97CF400C9D468 /* Build configuration list for PBXProject "Techtest" */ = {
			isa = XCConfigurationList;
			buildConfigurations = (
				7A4A884720C97CF600C9D468 /* Debug */,
				7A4A884820C97CF600C9D468 /* Release */,
			);
			defaultConfigurationIsVisible = 0;
			defaultConfigurationName = Release;
		};
		7A4A884920C97CF600C9D468 /* Build configuration list for PBXNativeTarget "Techtest" */ = {
			isa = XCConfigurationList;
			buildConfigurations = (
				7A4A884A20C97CF600C9D468 /* Debug */,
				7A4A884B20C97CF600C9D468 /* Release */,
			);
			defaultConfigurationIsVisible = 0;
			defaultConfigurationName = Release;
		};
/* End XCConfigurationList section */
	};
	rootObject = 7A4A882F20C97CF400C9D468 /* Project object */;
}
